// !$*UTF8*$!
{
	archiveVersion = 1;
	classes = {
	};
	objectVersion = 46;
	objects = {

/* Begin PBXBuildFile section */
		A07F48661A5A5BA700125397 /* main.m in Sources */ = {isa = PBXBuildFile; fileRef = A07F48651A5A5BA700125397 /* main.m */; };
		A07F48691A5A5BA700125397 /* AppDelegate.m in Sources */ = {isa = PBXBuildFile; fileRef = A07F48681A5A5BA700125397 /* AppDelegate.m */; };
		A07F486C1A5A5BA700125397 /* CoreDataExample.xcdatamodeld in Sources */ = {isa = PBXBuildFile; fileRef = A07F486A1A5A5BA700125397 /* CoreDataExample.xcdatamodeld */; };
		A07F486F1A5A5BA700125397 /* MasterViewController.m in Sources */ = {isa = PBXBuildFile; fileRef = A07F486E1A5A5BA700125397 /* MasterViewController.m */; };
		A07F48721A5A5BA700125397 /* DetailViewController.m in Sources */ = {isa = PBXBuildFile; fileRef = A07F48711A5A5BA700125397 /* DetailViewController.m */; };
		A07F48751A5A5BA700125397 /* Main.storyboard in Resources */ = {isa = PBXBuildFile; fileRef = A07F48731A5A5BA700125397 /* Main.storyboard */; };
		A07F48771A5A5BA700125397 /* Images.xcassets in Resources */ = {isa = PBXBuildFile; fileRef = A07F48761A5A5BA700125397 /* Images.xcassets */; };
		A07F487A1A5A5BA700125397 /* LaunchScreen.xib in Resources */ = {isa = PBXBuildFile; fileRef = A07F48781A5A5BA700125397 /* LaunchScreen.xib */; };
		A07F48861A5A5BA700125397 /* CoreDataExampleTests.m in Sources */ = {isa = PBXBuildFile; fileRef = A07F48851A5A5BA700125397 /* CoreDataExampleTests.m */; };
		A07F48931A5A5EAA00125397 /* PersistentStack.m in Sources */ = {isa = PBXBuildFile; fileRef = A07F48921A5A5EAA00125397 /* PersistentStack.m */; };
/* End PBXBuildFile section */

/* Begin PBXContainerItemProxy section */
		A07F48801A5A5BA700125397 /* PBXContainerItemProxy */ = {
			isa = PBXContainerItemProxy;
			containerPortal = A07F48581A5A5BA600125397 /* Project object */;
			proxyType = 1;
			remoteGlobalIDString = A07F485F1A5A5BA700125397;
			remoteInfo = CoreDataExample;
		};
/* End PBXContainerItemProxy section */

/* Begin PBXFileReference section */
		A07F48601A5A5BA700125397 /* Core Data Example.app */ = {isa = PBXFileReference; explicitFileType = wrapper.application; includeInIndex = 0; path = "Core Data Example.app"; sourceTree = BUILT_PRODUCTS_DIR; };
		A07F48641A5A5BA700125397 /* Info.plist */ = {isa = PBXFileReference; lastKnownFileType = text.plist.xml; path = Info.plist; sourceTree = "<group>"; };
		A07F48651A5A5BA700125397 /* main.m */ = {isa = PBXFileReference; lastKnownFileType = sourcecode.c.objc; path = main.m; sourceTree = "<group>"; };
		A07F48671A5A5BA700125397 /* AppDelegate.h */ = {isa = PBXFileReference; lastKnownFileType = sourcecode.c.h; path = AppDelegate.h; sourceTree = "<group>"; };
		A07F48681A5A5BA700125397 /* AppDelegate.m */ = {isa = PBXFileReference; lastKnownFileType = sourcecode.c.objc; path = AppDelegate.m; sourceTree = "<group>"; };
		A07F486B1A5A5BA700125397 /* CoreDataExample.xcdatamodel */ = {isa = PBXFileReference; lastKnownFileType = wrapper.xcdatamodel; path = CoreDataExample.xcdatamodel; sourceTree = "<group>"; };
		A07F486D1A5A5BA700125397 /* MasterViewController.h */ = {isa = PBXFileReference; lastKnownFileType = sourcecode.c.h; path = MasterViewController.h; sourceTree = "<group>"; };
		A07F486E1A5A5BA700125397 /* MasterViewController.m */ = {isa = PBXFileReference; lastKnownFileType = sourcecode.c.objc; path = MasterViewController.m; sourceTree = "<group>"; };
		A07F48701A5A5BA700125397 /* DetailViewController.h */ = {isa = PBXFileReference; lastKnownFileType = sourcecode.c.h; path = DetailViewController.h; sourceTree = "<group>"; };
		A07F48711A5A5BA700125397 /* DetailViewController.m */ = {isa = PBXFileReference; lastKnownFileType = sourcecode.c.objc; path = DetailViewController.m; sourceTree = "<group>"; };
		A07F48741A5A5BA700125397 /* Base */ = {isa = PBXFileReference; lastKnownFileType = file.storyboard; name = Base; path = Base.lproj/Main.storyboard; sourceTree = "<group>"; };
		A07F48761A5A5BA700125397 /* Images.xcassets */ = {isa = PBXFileReference; lastKnownFileType = folder.assetcatalog; path = Images.xcassets; sourceTree = "<group>"; };
		A07F48791A5A5BA700125397 /* Base */ = {isa = PBXFileReference; lastKnownFileType = file.xib; name = Base; path = Base.lproj/LaunchScreen.xib; sourceTree = "<group>"; };
		A07F487F1A5A5BA700125397 /* CoreDataExampleTests.xctest */ = {isa = PBXFileReference; explicitFileType = wrapper.cfbundle; includeInIndex = 0; path = CoreDataExampleTests.xctest; sourceTree = BUILT_PRODUCTS_DIR; };
		A07F48841A5A5BA700125397 /* Info.plist */ = {isa = PBXFileReference; lastKnownFileType = text.plist.xml; path = Info.plist; sourceTree = "<group>"; };
		A07F48851A5A5BA700125397 /* CoreDataExampleTests.m */ = {isa = PBXFileReference; lastKnownFileType = sourcecode.c.objc; path = CoreDataExampleTests.m; sourceTree = "<group>"; };
		A07F488F1A5A5D2900125397 /* CoreDataExample.entitlements */ = {isa = PBXFileReference; lastKnownFileType = text.xml; path = CoreDataExample.entitlements; sourceTree = "<group>"; };
		A07F48911A5A5EAA00125397 /* PersistentStack.h */ = {isa = PBXFileReference; fileEncoding = 4; lastKnownFileType = sourcecode.c.h; path = PersistentStack.h; sourceTree = "<group>"; };
		A07F48921A5A5EAA00125397 /* PersistentStack.m */ = {isa = PBXFileReference; fileEncoding = 4; lastKnownFileType = sourcecode.c.objc; path = PersistentStack.m; sourceTree = "<group>"; };
/* End PBXFileReference section */

/* Begin PBXFrameworksBuildPhase section */
		A07F485D1A5A5BA700125397 /* Frameworks */ = {
			isa = PBXFrameworksBuildPhase;
			buildActionMask = 2147483647;
			files = (
			);
			runOnlyForDeploymentPostprocessing = 0;
		};
		A07F487C1A5A5BA700125397 /* Frameworks */ = {
			isa = PBXFrameworksBuildPhase;
			buildActionMask = 2147483647;
			files = (
			);
			runOnlyForDeploymentPostprocessing = 0;
		};
/* End PBXFrameworksBuildPhase section */

/* Begin PBXGroup section */
		A07F48571A5A5BA600125397 = {
			isa = PBXGroup;
			children = (
				A07F48901A5A5E6D00125397 /* CoreDataStack */,
				A07F48621A5A5BA700125397 /* CoreDataExample */,
				A07F48821A5A5BA700125397 /* CoreDataExampleTests */,
				A07F48611A5A5BA700125397 /* Products */,
			);
			sourceTree = "<group>";
		};
		A07F48611A5A5BA700125397 /* Products */ = {
			isa = PBXGroup;
			children = (
				A07F48601A5A5BA700125397 /* Core Data Example.app */,
				A07F487F1A5A5BA700125397 /* CoreDataExampleTests.xctest */,
			);
			name = Products;
			sourceTree = "<group>";
		};
		A07F48621A5A5BA700125397 /* CoreDataExample */ = {
			isa = PBXGroup;
			children = (
				A07F488F1A5A5D2900125397 /* CoreDataExample.entitlements */,
				A07F48671A5A5BA700125397 /* AppDelegate.h */,
				A07F48681A5A5BA700125397 /* AppDelegate.m */,
				A07F486D1A5A5BA700125397 /* MasterViewController.h */,
				A07F486E1A5A5BA700125397 /* MasterViewController.m */,
				A07F48701A5A5BA700125397 /* DetailViewController.h */,
				A07F48711A5A5BA700125397 /* DetailViewController.m */,
				A07F48731A5A5BA700125397 /* Main.storyboard */,
				A07F48761A5A5BA700125397 /* Images.xcassets */,
				A07F48781A5A5BA700125397 /* LaunchScreen.xib */,
				A07F486A1A5A5BA700125397 /* CoreDataExample.xcdatamodeld */,
				A07F48631A5A5BA700125397 /* Supporting Files */,
			);
			path = CoreDataExample;
			sourceTree = "<group>";
		};
		A07F48631A5A5BA700125397 /* Supporting Files */ = {
			isa = PBXGroup;
			children = (
				A07F48641A5A5BA700125397 /* Info.plist */,
				A07F48651A5A5BA700125397 /* main.m */,
			);
			path = "Supporting Files";
			sourceTree = "<group>";
		};
		A07F48821A5A5BA700125397 /* CoreDataExampleTests */ = {
			isa = PBXGroup;
			children = (
				A07F48851A5A5BA700125397 /* CoreDataExampleTests.m */,
				A07F48831A5A5BA700125397 /* Supporting Files */,
			);
			path = CoreDataExampleTests;
			sourceTree = "<group>";
		};
		A07F48831A5A5BA700125397 /* Supporting Files */ = {
			isa = PBXGroup;
			children = (
				A07F48841A5A5BA700125397 /* Info.plist */,
			);
			path = "Supporting Files";
			sourceTree = "<group>";
		};
		A07F48901A5A5E6D00125397 /* CoreDataStack */ = {
			isa = PBXGroup;
			children = (
				A07F48911A5A5EAA00125397 /* PersistentStack.h */,
				A07F48921A5A5EAA00125397 /* PersistentStack.m */,
			);
			path = CoreDataStack;
			sourceTree = "<group>";
		};
/* End PBXGroup section */

/* Begin PBXNativeTarget section */
		A07F485F1A5A5BA700125397 /* CoreDataExample */ = {
			isa = PBXNativeTarget;
			buildConfigurationList = A07F48891A5A5BA700125397 /* Build configuration list for PBXNativeTarget "CoreDataExample" */;
			buildPhases = (
				A07F485C1A5A5BA700125397 /* Sources */,
				A07F485D1A5A5BA700125397 /* Frameworks */,
				A07F485E1A5A5BA700125397 /* Resources */,
			);
			buildRules = (
			);
			dependencies = (
			);
			name = CoreDataExample;
			productName = CoreDataExample;
			productReference = A07F48601A5A5BA700125397 /* Core Data Example.app */;
			productType = "com.apple.product-type.application";
		};
		A07F487E1A5A5BA700125397 /* CoreDataExampleTests */ = {
			isa = PBXNativeTarget;
			buildConfigurationList = A07F488C1A5A5BA700125397 /* Build configuration list for PBXNativeTarget "CoreDataExampleTests" */;
			buildPhases = (
				A07F487B1A5A5BA700125397 /* Sources */,
				A07F487C1A5A5BA700125397 /* Frameworks */,
				A07F487D1A5A5BA700125397 /* Resources */,
			);
			buildRules = (
			);
			dependencies = (
				A07F48811A5A5BA700125397 /* PBXTargetDependency */,
			);
			name = CoreDataExampleTests;
			productName = CoreDataExampleTests;
			productReference = A07F487F1A5A5BA700125397 /* CoreDataExampleTests.xctest */;
			productType = "com.apple.product-type.bundle.unit-test";
		};
/* End PBXNativeTarget section */

/* Begin PBXProject section */
		A07F48581A5A5BA600125397 /* Project object */ = {
			isa = PBXProject;
			attributes = {
				LastUpgradeCheck = 0610;
				ORGANIZATIONNAME = "Sarun Wongpatcharapakorn";
				TargetAttributes = {
					A07F485F1A5A5BA700125397 = {
						CreatedOnToolsVersion = 6.1.1;
						DevelopmentTeam = NYX2894668;
						SystemCapabilities = {
							com.apple.iCloud = {
								enabled = 1;
							};
						};
					};
					A07F487E1A5A5BA700125397 = {
						CreatedOnToolsVersion = 6.1.1;
						TestTargetID = A07F485F1A5A5BA700125397;
					};
				};
			};
			buildConfigurationList = A07F485B1A5A5BA600125397 /* Build configuration list for PBXProject "CoreDataExample" */;
			compatibilityVersion = "Xcode 3.2";
			developmentRegion = English;
			hasScannedForEncodings = 0;
			knownRegions = (
				en,
				Base,
			);
			mainGroup = A07F48571A5A5BA600125397;
			productRefGroup = A07F48611A5A5BA700125397 /* Products */;
			projectDirPath = "";
			projectRoot = "";
			targets = (
				A07F485F1A5A5BA700125397 /* CoreDataExample */,
				A07F487E1A5A5BA700125397 /* CoreDataExampleTests */,
			);
		};
/* End PBXProject section */

/* Begin PBXResourcesBuildPhase section */
		A07F485E1A5A5BA700125397 /* Resources */ = {
			isa = PBXResourcesBuildPhase;
			buildActionMask = 2147483647;
			files = (
				A07F48751A5A5BA700125397 /* Main.storyboard in Resources */,
				A07F487A1A5A5BA700125397 /* LaunchScreen.xib in Resources */,
				A07F48771A5A5BA700125397 /* Images.xcassets in Resources */,
			);
			runOnlyForDeploymentPostprocessing = 0;
		};
		A07F487D1A5A5BA700125397 /* Resources */ = {
			isa = PBXResourcesBuildPhase;
			buildActionMask = 2147483647;
			files = (
			);
			runOnlyForDeploymentPostprocessing = 0;
		};
/* End PBXResourcesBuildPhase section */

/* Begin PBXSourcesBuildPhase section */
		A07F485C1A5A5BA700125397 /* Sources */ = {
			isa = PBXSourcesBuildPhase;
			buildActionMask = 2147483647;
			files = (
				A07F48721A5A5BA700125397 /* DetailViewController.m in Sources */,
				A07F486F1A5A5BA700125397 /* MasterViewController.m in Sources */,
				A07F48691A5A5BA700125397 /* AppDelegate.m in Sources */,
				A07F48931A5A5EAA00125397 /* PersistentStack.m in Sources */,
				A07F48661A5A5BA700125397 /* main.m in Sources */,
				A07F486C1A5A5BA700125397 /* CoreDataExample.xcdatamodeld in Sources */,
			);
			runOnlyForDeploymentPostprocessing = 0;
		};
		A07F487B1A5A5BA700125397 /* Sources */ = {
			isa = PBXSourcesBuildPhase;
			buildActionMask = 2147483647;
			files = (
				A07F48861A5A5BA700125397 /* CoreDataExampleTests.m in Sources */,
			);
			runOnlyForDeploymentPostprocessing = 0;
		};
/* End PBXSourcesBuildPhase section */

/* Begin PBXTargetDependency section */
		A07F48811A5A5BA700125397 /* PBXTargetDependency */ = {
			isa = PBXTargetDependency;
			target = A07F485F1A5A5BA700125397 /* CoreDataExample */;
			targetProxy = A07F48801A5A5BA700125397 /* PBXContainerItemProxy */;
		};
/* End PBXTargetDependency section */

/* Begin PBXVariantGroup section */
		A07F48731A5A5BA700125397 /* Main.storyboard */ = {
			isa = PBXVariantGroup;
			children = (
				A07F48741A5A5BA700125397 /* Base */,
			);
			name = Main.storyboard;
			sourceTree = "<group>";
		};
		A07F48781A5A5BA700125397 /* LaunchScreen.xib */ = {
			isa = PBXVariantGroup;
			children = (
				A07F48791A5A5BA700125397 /* Base */,
			);
			name = LaunchScreen.xib;
			sourceTree = "<group>";
		};
/* End PBXVariantGroup section */

/* Begin XCBuildConfiguration section */
		A07F48871A5A5BA700125397 /* Debug */ = {
			isa = XCBuildConfiguration;
			buildSettings = {
				ALWAYS_SEARCH_USER_PATHS = NO;
				CLANG_CXX_LANGUAGE_STANDARD = "gnu++0x";
				CLANG_CXX_LIBRARY = "libc++";
				CLANG_ENABLE_MODULES = YES;
				CLANG_ENABLE_OBJC_ARC = YES;
				CLANG_WARN_BOOL_CONVERSION = YES;
				CLANG_WARN_CONSTANT_CONVERSION = YES;
				CLANG_WARN_DIRECT_OBJC_ISA_USAGE = YES_ERROR;
				CLANG_WARN_EMPTY_BODY = YES;
				CLANG_WARN_ENUM_CONVERSION = YES;
				CLANG_WARN_INT_CONVERSION = YES;
				CLANG_WARN_OBJC_ROOT_CLASS = YES_ERROR;
				CLANG_WARN_UNREACHABLE_CODE = YES;
				CLANG_WARN__DUPLICATE_METHOD_MATCH = YES;
				"CODE_SIGN_IDENTITY[sdk=iphoneos*]" = "iPhone Developer";
				COPY_PHASE_STRIP = NO;
				ENABLE_STRICT_OBJC_MSGSEND = YES;
				GCC_C_LANGUAGE_STANDARD = gnu99;
				GCC_DYNAMIC_NO_PIC = NO;
				GCC_OPTIMIZATION_LEVEL = 0;
				GCC_PREPROCESSOR_DEFINITIONS = (
					"DEBUG=1",
					"$(inherited)",
				);
				GCC_SYMBOLS_PRIVATE_EXTERN = NO;
				GCC_WARN_64_TO_32_BIT_CONVERSION = YES;
				GCC_WARN_ABOUT_RETURN_TYPE = YES_ERROR;
				GCC_WARN_UNDECLARED_SELECTOR = YES;
				GCC_WARN_UNINITIALIZED_AUTOS = YES_AGGRESSIVE;
				GCC_WARN_UNUSED_FUNCTION = YES;
				GCC_WARN_UNUSED_VARIABLE = YES;
				IPHONEOS_DEPLOYMENT_TARGET = 8.1;
				MTL_ENABLE_DEBUG_INFO = YES;
				ONLY_ACTIVE_ARCH = YES;
				SDKROOT = iphoneos;
			};
			name = Debug;
		};
		A07F48881A5A5BA700125397 /* Release */ = {
			isa = XCBuildConfiguration;
			buildSettings = {
				ALWAYS_SEARCH_USER_PATHS = NO;
				CLANG_CXX_LANGUAGE_STANDARD = "gnu++0x";
				CLANG_CXX_LIBRARY = "libc++";
				CLANG_ENABLE_MODULES = YES;
				CLANG_ENABLE_OBJC_ARC = YES;
				CLANG_WARN_BOOL_CONVERSION = YES;
				CLANG_WARN_CONSTANT_CONVERSION = YES;
				CLANG_WARN_DIRECT_OBJC_ISA_USAGE = YES_ERROR;
				CLANG_WARN_EMPTY_BODY = YES;
				CLANG_WARN_ENUM_CONVERSION = YES;
				CLANG_WARN_INT_CONVERSION = YES;
				CLANG_WARN_OBJC_ROOT_CLASS = YES_ERROR;
				CLANG_WARN_UNREACHABLE_CODE = YES;
				CLANG_WARN__DUPLICATE_METHOD_MATCH = YES;
				"CODE_SIGN_IDENTITY[sdk=iphoneos*]" = "iPhone Developer";
				COPY_PHASE_STRIP = YES;
				ENABLE_NS_ASSERTIONS = NO;
				ENABLE_STRICT_OBJC_MSGSEND = YES;
				GCC_C_LANGUAGE_STANDARD = gnu99;
				GCC_WARN_64_TO_32_BIT_CONVERSION = YES;
				GCC_WARN_ABOUT_RETURN_TYPE = YES_ERROR;
				GCC_WARN_UNDECLARED_SELECTOR = YES;
				GCC_WARN_UNINITIALIZED_AUTOS = YES_AGGRESSIVE;
				GCC_WARN_UNUSED_FUNCTION = YES;
				GCC_WARN_UNUSED_VARIABLE = YES;
				IPHONEOS_DEPLOYMENT_TARGET = 8.1;
				MTL_ENABLE_DEBUG_INFO = NO;
				SDKROOT = iphoneos;
				VALIDATE_PRODUCT = YES;
			};
			name = Release;
		};
		A07F488A1A5A5BA700125397 /* Debug */ = {
			isa = XCBuildConfiguration;
			buildSettings = {
				ASSETCATALOG_COMPILER_APPICON_NAME = AppIcon;
				CODE_SIGN_ENTITLEMENTS = CoreDataExample/CoreDataExample.entitlements;
				CODE_SIGN_IDENTITY = "iPhone Developer";
				"CODE_SIGN_IDENTITY[sdk=iphoneos*]" = "iPhone Developer";
				INFOPLIST_FILE = "CoreDataExample/Supporting Files/Info.plist";
				LD_RUNPATH_SEARCH_PATHS = "$(inherited) @executable_path/Frameworks";
				PRODUCT_NAME = "Core Data Example";
				PROVISIONING_PROFILE = "";
			};
			name = Debug;
		};
		A07F488B1A5A5BA700125397 /* Release */ = {
			isa = XCBuildConfiguration;
			buildSettings = {
				ASSETCATALOG_COMPILER_APPICON_NAME = AppIcon;
				CODE_SIGN_ENTITLEMENTS = CoreDataExample/CoreDataExample.entitlements;
				CODE_SIGN_IDENTITY = "iPhone Developer";
				"CODE_SIGN_IDENTITY[sdk=iphoneos*]" = "iPhone Developer";
				INFOPLIST_FILE = "CoreDataExample/Supporting Files/Info.plist";
				LD_RUNPATH_SEARCH_PATHS = "$(inherited) @executable_path/Frameworks";
				PRODUCT_NAME = "Core Data Example";
				PROVISIONING_PROFILE = "";
			};
			name = Release;
		};
		A07F488D1A5A5BA700125397 /* Debug */ = {
			isa = XCBuildConfiguration;
			buildSettings = {
				BUNDLE_LOADER = "$(TEST_HOST)";
				FRAMEWORK_SEARCH_PATHS = (
					"$(SDKROOT)/Developer/Library/Frameworks",
					"$(inherited)",
				);
				GCC_PREPROCESSOR_DEFINITIONS = (
					"DEBUG=1",
					"$(inherited)",
				);
				INFOPLIST_FILE = "CoreDataExampleTests/Supporting Files/Info.plist";
				LD_RUNPATH_SEARCH_PATHS = "$(inherited) @executable_path/Frameworks @loader_path/Frameworks";
				PRODUCT_NAME = "$(TARGET_NAME)";
				TEST_HOST = "$(BUILT_PRODUCTS_DIR)/CoreDataExample.app/CoreDataExample";
			};
			name = Debug;
		};
		A07F488E1A5A5BA700125397 /* Release */ = {
			isa = XCBuildConfiguration;
			buildSettings = {
				BUNDLE_LOADER = "$(TEST_HOST)";
				FRAMEWORK_SEARCH_PATHS = (
					"$(SDKROOT)/Developer/Library/Frameworks",
					"$(inherited)",
				);
				INFOPLIST_FILE = "CoreDataExampleTests/Supporting Files/Info.plist";
				LD_RUNPATH_SEARCH_PATHS = "$(inherited) @executable_path/Frameworks @loader_path/Frameworks";
				PRODUCT_NAME = "$(TARGET_NAME)";
				TEST_HOST = "$(BUILT_PRODUCTS_DIR)/CoreDataExample.app/CoreDataExample";
			};
			name = Release;
		};
/* End XCBuildConfiguration section */

/* Begin XCConfigurationList section */
		A07F485B1A5A5BA600125397 /* Build configuration list for PBXProject "CoreDataExample" */ = {
			isa = XCConfigurationList;
			buildConfigurations = (
				A07F48871A5A5BA700125397 /* Debug */,
				A07F48881A5A5BA700125397 /* Release */,
			);
			defaultConfigurationIsVisible = 0;
			defaultConfigurationName = Release;
		};
		A07F48891A5A5BA700125397 /* Build configuration list for PBXNativeTarget "CoreDataExample" */ = {
			isa = XCConfigurationList;
			buildConfigurations = (
				A07F488A1A5A5BA700125397 /* Debug */,
				A07F488B1A5A5BA700125397 /* Release */,
			);
			defaultConfigurationIsVisible = 0;
			defaultConfigurationName = Release;
		};
		A07F488C1A5A5BA700125397 /* Build configuration list for PBXNativeTarget "CoreDataExampleTests" */ = {
			isa = XCConfigurationList;
			buildConfigurations = (
				A07F488D1A5A5BA700125397 /* Debug */,
				A07F488E1A5A5BA700125397 /* Release */,
			);
			defaultConfigurationIsVisible = 0;
			defaultConfigurationName = Release;
		};
/* End XCConfigurationList section */

/* Begin XCVersionGroup section */
		A07F486A1A5A5BA700125397 /* CoreDataExample.xcdatamodeld */ = {
			isa = XCVersionGroup;
			children = (
				A07F486B1A5A5BA700125397 /* CoreDataExample.xcdatamodel */,
			);
			currentVersion = A07F486B1A5A5BA700125397 /* CoreDataExample.xcdatamodel */;
			path = CoreDataExample.xcdatamodeld;
			sourceTree = "<group>";
			versionGroupType = wrapper.xcdatamodel;
		};
/* End XCVersionGroup section */
	};
	rootObject = A07F48581A5A5BA600125397 /* Project object */;
}
